
Microsoft Visual Studio Solution File, Format Version 12.00
# Visual Studio Version 16
VisualStudioVersion = 16.0.28803.156
MinimumVisualStudioVersion = 10.0.40219.1
Project("{8BC9CEB8-8B4A-11D0-8D11-00A0C91BC942}") = "NT_thinClient_Patcher", "NT_thinClient_Patcher.vcxproj", "{24962BBF-61AC-4FE5-AB06-06464FDAA6E1}"
EndProject
Global
	GlobalSection(SolutionConfigurationPlatforms) = preSolution
		Debug|x64 = Debug|x64
		Debug|x86 = Debug|x86
		Release|x64 = Release|x64
		Release|x86 = Release|x86
	EndGlobalSection
	GlobalSection(ProjectConfigurationPlatforms) = postSolution
		{24962BBF-61AC-4FE5-AB06-06464FDAA6E1}.Debug|x64.ActiveCfg = Debug|x64
		{24962BBF-61AC-4FE5-AB06-06464FDAA6E1}.Debug|x64.Build.0 = Debug|x64
		{24962BBF-61AC-4FE5-AB06-06464FDAA6E1}.Debug|x86.ActiveCfg = Debug|Win32
		{24962BBF-61AC-4FE5-AB06-06464FDAA6E1}.Debug|x86.Build.0 = Debug|Win32
		{24962BBF-61AC-4FE5-AB06-06464FDAA6E1}.Release|x64.ActiveCfg = Release|x64
		{24962BBF-61AC-4FE5-AB06-06464FDAA6E1}.Release|x64.Build.0 = Release|x64
		{24962BBF-61AC-4FE5-AB06-06464FDAA6E1}.Release|x86.ActiveCfg = Release|Win32
		{24962BBF-61AC-4FE5-AB06-06464FDAA6E1}.Release|x86.Build.0 = Release|Win32
	EndGlobalSection
	GlobalSection(SolutionProperties) = preSolution
		HideSolutionNode = FALSE
	EndGlobalSection
	GlobalSection(ExtensibilityGlobals) = postSolution
		SolutionGuid = {99B1653A-CA55-489F-990D-B47E1F23640D}
	EndGlobalSection
EndGlobal
